
Microsoft Visual Studio Solution File, Format Version 12.00
# Visual Studio Version 16
VisualStudioVersion = 16.0.30011.22
MinimumVisualStudioVersion = 10.0.40219.1
Project("{FAE04EC0-301F-11D3-BF4B-00C04F79EFBC}") = "Ex_MetodosAbstratos", "Ex_MetodosAbstratas\Ex_MetodosAbstratos.csproj", "{F34570C6-9B3B-4F10-B102-D0C1A97DD3AE}"
EndProject
Global
	GlobalSection(SolutionConfigurationPlatforms) = preSolution
		Debug|Any CPU = Debug|Any CPU
		Release|Any CPU = Release|Any CPU
	EndGlobalSection
	GlobalSection(ProjectConfigurationPlatforms) = postSolution
		{F34570C6-9B3B-4F10-B102-D0C1A97DD3AE}.Debug|Any CPU.ActiveCfg = Debug|Any CPU
		{F34570C6-9B3B-4F10-B102-D0C1A97DD3AE}.Debug|Any CPU.Build.0 = Debug|Any CPU
		{F34570C6-9B3B-4F10-B102-D0C1A97DD3AE}.Release|Any CPU.ActiveCfg = Release|Any CPU
		{F34570C6-9B3B-4F10-B102-D0C1A97DD3AE}.Release|Any CPU.Build.0 = Release|Any CPU
	EndGlobalSection
	GlobalSection(SolutionProperties) = preSolution
		HideSolutionNode = FALSE
	EndGlobalSection
	GlobalSection(ExtensibilityGlobals) = postSolution
		SolutionGuid = {4DE6D6FE-C5FA-4668-B6EC-CAF0E01B30C1}
	EndGlobalSection
EndGlobal
